<?xml version="1.0" encoding="utf-8"?>
<Project ToolsVersion="4.0" xmlns="http://schemas.microsoft.com/developer/msbuild/2003">
  <ItemGroup>
    <Filter Include="Source Files">
      <UniqueIdentifier>{4FC737F1-C7A5-4376-A066-2A32D752A2FF}</UniqueIdentifier>
      <Extensions>cpp;c;cc;cxx;def;odl;idl;hpj;bat;asm;asmx</Extensions>
    </Filter>
    <Filter Include="Header Files">
      <UniqueIdentifier>{93995380-89BD-4b04-88EB-625FBE52EBFB}</UniqueIdentifier>
      <Extensions>h;hh;hpp;hxx;hm;inl;inc;xsd</Extensions>
    </Filter>
    <Filter Include="Resource Files">
      <UniqueIdentifier>{67DA6AB6-F800-4c08-8B7A-83BB121AAD01}</UniqueIdentifier>
      <Extensions>rc;ico;cur;bmp;dlg;rc2;rct;bin;rgs;gif;jpg;jpeg;jpe;resx;tiff;tif;png;wav;mfcribbon-ms</Extensions>
    </Filter>
    <Filter Include="Source Files\ast">
      <UniqueIdentifier>{33fab13b-e949-47e0-bf54-b68a251d0245}</UniqueIdentifier>
    </Filter>
    <Filter Include="Header Files\ast">
      <UniqueIdentifier>{bbcc71ba-7a4a-4352-95ad-ff2659f0b313}</UniqueIdentifier>
    </Filter>
    <Filter Include="Header Files\compiler">
      <UniqueIdentifier>{89f23ad9-edef-4a0c-a252-cf6799f32c85}</UniqueIdentifier>
    </Filter>
    <Filter Include="Header Files\utility">
      <UniqueIdentifier>{415b1d93-3a35-47d7-a184-b37cc64bf6d3}</UniqueIdentifier>
    </Filter>
    <Filter Include="Source Files\utility">
      <UniqueIdentifier>{b26b0f92-e6c5-4be6-8465-23fe9dc97045}</UniqueIdentifier>
    </Filter>
    <Filter Include="Header Files\parser">
      <UniqueIdentifier>{f51c5735-2c56-4c1c-9f24-ca5dd86071b2}</UniqueIdentifier>
    </Filter>
    <Filter Include="Source Files\parser">
      <UniqueIdentifier>{4b1bc6b0-a154-447a-8e15-b5a2dec3211f}</UniqueIdentifier>
    </Filter>
    <Filter Include="Header Files\platform">
      <UniqueIdentifier>{f3dbe809-2965-44ea-878c-430df6812302}</UniqueIdentifier>
    </Filter>
    <Filter Include="Source Files\platform">
      <UniqueIdentifier>{86f2eec7-b54f-4dee-80d4-29ffbdea6c3e}</UniqueIdentifier>
    </Filter>
    <Filter Include="Source Files\compiler">
      <UniqueIdentifier>{15c95f47-04ed-46f5-a5d8-82bcdd0f4695}</UniqueIdentifier>
    </Filter>
    <Filter Include="Header Files\format">
      <UniqueIdentifier>{26bd081c-5917-427f-ba88-0bf13be5a2eb}</UniqueIdentifier>
    </Filter>
    <Filter Include="Source Files\format">
      <UniqueIdentifier>{c0a3a6b1-4c8b-4146-9663-7e4b18a62a01}</UniqueIdentifier>
    </Filter>
  </ItemGroup>
  <ItemGroup>
    <ClInclude Include="..\src\wiz\parser\parser.h">
      <Filter>Header Files\parser</Filter>
    </ClInclude>
    <ClInclude Include="..\src\wiz\parser\scanner.h">
      <Filter>Header Files\parser</Filter>
    </ClInclude>
    <ClInclude Include="..\src\wiz\parser\token.h">
      <Filter>Header Files\parser</Filter>
    </ClInclude>
    <ClInclude Include="..\src\wiz\compiler\bank.h">
      <Filter>Header Files\compiler</Filter>
    </ClInclude>
    <ClInclude Include="..\src\wiz\compiler\compiler.h">
      <Filter>Header Files\compiler</Filter>
    </ClInclude>
    <ClInclude Include="..\src\wiz\compiler\definition.h">
      <Filter>Header Files\compiler</Filter>
    </ClInclude>
    <ClInclude Include="..\src\wiz\compiler\symbol_table.h">
      <Filter>Header Files\compiler</Filter>
    </ClInclude>
    <ClInclude Include="..\src\wiz\ast\expression.h">
      <Filter>Header Files\ast</Filter>
    </ClInclude>
    <ClInclude Include="..\src\wiz\ast\statement.h">
      <Filter>Header Files\ast</Filter>
    </ClInclude>
    <ClInclude Include="..\src\wiz\utility\logger.h">
      <Filter>Header Files\utility</Filter>
    </ClInclude>
    <ClInclude Include="..\src\wiz\utility\path.h">
      <Filter>Header Files\utility</Filter>
    </ClInclude>
    <ClInclude Include="..\src\wiz\utility\reader.h">
      <Filter>Header Files\utility</Filter>
    </ClInclude>
    <ClInclude Include="..\src\wiz\utility\report.h">
      <Filter>Header Files\utility</Filter>
    </ClInclude>
    <ClInclude Include="..\src\wiz\utility\source_location.h">
      <Filter>Header Files\utility</Filter>
    </ClInclude>
    <ClInclude Include="..\src\wiz\utility\variant.h">
      <Filter>Header Files\utility</Filter>
    </ClInclude>
    <ClInclude Include="..\src\wiz\platform\platform.h">
      <Filter>Header Files\platform</Filter>
    </ClInclude>
    <ClInclude Include="..\src\wiz\utility\optional.h">
      <Filter>Header Files\utility</Filter>
    </ClInclude>
    <ClInclude Include="..\src\wiz\utility\option_parser.h">
      <Filter>Header Files\utility</Filter>
    </ClInclude>
    <ClInclude Include="..\src\wiz\utility\resource_manager.h">
      <Filter>Header Files\utility</Filter>
    </ClInclude>
    <ClInclude Include="..\src\wiz\utility\enable_bitwise.h">
      <Filter>Header Files\utility</Filter>
    </ClInclude>
    <ClInclude Include="..\src\wiz\ast\type_expression.h">
      <Filter>Header Files\ast</Filter>
    </ClInclude>
    <ClInclude Include="..\src\wiz\utility\text.h">
      <Filter>Header Files\utility</Filter>
    </ClInclude>
    <ClInclude Include="..\src\wiz\utility\string_pool.h">
      <Filter>Header Files\utility</Filter>
    </ClInclude>
    <ClInclude Include="..\src\wiz\utility\string_view.h">
      <Filter>Header Files\utility</Filter>
    </ClInclude>
    <ClInclude Include="..\src\wiz\utility\array_view.h">
      <Filter>Header Files\utility</Filter>
    </ClInclude>
    <ClInclude Include="..\src\wiz\utility\fwd_unique_ptr.h">
      <Filter>Header Files\utility</Filter>
    </ClInclude>
    <ClInclude Include="..\src\wiz\utility\bit_flags.h">
      <Filter>Header Files\utility</Filter>
    </ClInclude>
    <ClInclude Include="..\src\wiz\utility\scope_guard.h">
      <Filter>Header Files\utility</Filter>
    </ClInclude>
    <ClInclude Include="..\src\wiz\utility\report_error_flags.h">
      <Filter>Header Files\utility</Filter>
    </ClInclude>
    <ClInclude Include="..\src\wiz\compiler\builtins.h">
      <Filter>Header Files\compiler</Filter>
    </ClInclude>
    <ClInclude Include="..\src\wiz\compiler\instruction.h">
      <Filter>Header Files\compiler</Filter>
    </ClInclude>
    <ClInclude Include="..\src\wiz\utility\int128.h">
      <Filter>Header Files\utility</Filter>
    </ClInclude>
    <ClInclude Include="..\src\wiz\utility\overload.h">
      <Filter>Header Files\utility</Filter>
    </ClInclude>
    <ClInclude Include="..\src\wiz\compiler\address.h">
      <Filter>Header Files\compiler</Filter>
    </ClInclude>
    <ClInclude Include="..\src\wiz\compiler\ir_node.h">
      <Filter>Header Files\compiler</Filter>
    </ClInclude>
    <ClInclude Include="..\src\wiz\utility\writer.h">
      <Filter>Header Files\utility</Filter>
    </ClInclude>
    <ClInclude Include="..\src\wiz\utility\misc.h">
      <Filter>Header Files\utility</Filter>
    </ClInclude>
    <ClInclude Include="..\src\wiz\format\format.h">
      <Filter>Header Files\format</Filter>
    </ClInclude>
    <ClInclude Include="..\src\wiz\platform\mos6502_platform.h">
      <Filter>Header Files\platform</Filter>
    </ClInclude>
    <ClInclude Include="..\src\wiz\platform\z80_platform.h">
      <Filter>Header Files\platform</Filter>
    </ClInclude>
    <ClInclude Include="..\src\wiz\format\nes_format.h">
      <Filter>Header Files\format</Filter>
    </ClInclude>
    <ClInclude Include="..\src\wiz\format\sms_format.h">
      <Filter>Header Files\format</Filter>
    </ClInclude>
    <ClInclude Include="..\src\wiz\format\snes_format.h">
      <Filter>Header Files\format</Filter>
    </ClInclude>
    <ClInclude Include="..\src\wiz\format\gb_format.h">
      <Filter>Header Files\format</Filter>
    </ClInclude>
    <ClInclude Include="..\src\wiz\platform\gb_platform.h">
      <Filter>Header Files\platform</Filter>
    </ClInclude>
    <ClInclude Include="..\src\wiz\compiler\config.h">
      <Filter>Header Files\compiler</Filter>
    </ClInclude>
    <ClInclude Include="..\src\wiz\format\binary_format.h">
      <Filter>Header Files\format</Filter>
    </ClInclude>
    <ClInclude Include="..\src\wiz\platform\wdc65816_platform.h">
      <Filter>Header Files\platform</Filter>
    </ClInclude>
    <ClInclude Include="..\src\wiz\platform\spc700_platform.h">
      <Filter>Header Files\platform</Filter>
    </ClInclude>
    <ClInclude Include="..\src\wiz\utility\tty.h">
      <Filter>Header Files\utility</Filter>
    </ClInclude>
    <ClInclude Include="..\src\wiz\utility\win32.h">
      <Filter>Header Files\utility</Filter>
    </ClInclude>
    <ClInclude Include="..\src\wiz\utility\import_manager.h">
      <Filter>Header Files\utility</Filter>
    </ClInclude>
    <ClInclude Include="..\src\wiz\compiler\operations.h">
      <Filter>Header Files\compiler</Filter>
    </ClInclude>
    <ClInclude Include="..\src\wiz\compiler\version.h">
      <Filter>Header Files\compiler</Filter>
    </ClInclude>
    <ClInclude Include="..\src\wiz\platform\pokemon_mini_platform.h">
      <Filter>Header Files\platform</Filter>
    </ClInclude>
    <ClInclude Include="..\src\wiz\utility\macros.h">
      <Filter>Header Files\utility</Filter>
    </ClInclude>
    <ClInclude Include="..\src\wiz\utility\unique_ptr.h">
      <Filter>Header Files\utility</Filter>
    </ClInclude>
    <ClInclude Include="..\src\wiz\utility\import_options.h">
      <Filter>Header Files\utility</Filter>
    </ClInclude>
    <ClInclude Include="..\src\wiz\utility\ptr_pool.h">
      <Filter>Header Files\utility</Filter>
    </ClInclude>
    <ClInclude Include="..\src\wiz\ast\qualifiers.h">
      <Filter>Header Files\ast</Filter>
    </ClInclude>
    <ClInclude Include="..\src\wiz\utility\bitwise_overloads.h">
      <Filter>Header Files\utility</Filter>
    </ClInclude>
  </ItemGroup>
  <ItemGroup>
    <ClCompile Include="..\src\wiz\parser\parser.cpp">
      <Filter>Source Files\parser</Filter>
    </ClCompile>
    <ClCompile Include="..\src\wiz\parser\scanner.cpp">
      <Filter>Source Files\parser</Filter>
    </ClCompile>
    <ClCompile Include="..\src\wiz\parser\token.cpp">
      <Filter>Source Files\parser</Filter>
    </ClCompile>
    <ClCompile Include="..\src\wiz\compiler\bank.cpp">
      <Filter>Source Files\compiler</Filter>
    </ClCompile>
    <ClCompile Include="..\src\wiz\compiler\compiler.cpp">
      <Filter>Source Files\compiler</Filter>
    </ClCompile>
    <ClCompile Include="..\src\wiz\compiler\symbol_table.cpp">
      <Filter>Source Files\compiler</Filter>
    </ClCompile>
    <ClCompile Include="..\src\wiz\ast\statement.cpp">
      <Filter>Source Files\ast</Filter>
    </ClCompile>
    <ClCompile Include="..\src\wiz\utility\logger.cpp">
      <Filter>Source Files\utility</Filter>
    </ClCompile>
    <ClCompile Include="..\src\wiz\utility\path.cpp">
      <Filter>Source Files\utility</Filter>
    </ClCompile>
    <ClCompile Include="..\src\wiz\utility\reader.cpp">
      <Filter>Source Files\utility</Filter>
    </ClCompile>
    <ClCompile Include="..\src\wiz\utility\report.cpp">
      <Filter>Source Files\utility</Filter>
    </ClCompile>
    <ClCompile Include="..\src\wiz\utility\source_location.cpp">
      <Filter>Source Files\utility</Filter>
    </ClCompile>
    <ClCompile Include="..\src\wiz\wiz.cpp">
      <Filter>Source Files</Filter>
    </ClCompile>
    <ClCompile Include="..\src\wiz\platform\platform.cpp">
      <Filter>Source Files\platform</Filter>
    </ClCompile>
    <ClCompile Include="..\src\wiz\utility\resource_manager.cpp">
      <Filter>Source Files\utility</Filter>
    </ClCompile>
    <ClCompile Include="..\src\wiz\ast\expression.cpp">
      <Filter>Source Files\ast</Filter>
    </ClCompile>
    <ClCompile Include="..\src\wiz\ast\type_expression.cpp">
      <Filter>Source Files\ast</Filter>
    </ClCompile>
    <ClCompile Include="..\src\wiz\utility\text.cpp">
      <Filter>Source Files\utility</Filter>
    </ClCompile>
    <ClCompile Include="..\src\wiz\utility\report_error_flags.cpp">
      <Filter>Source Files\utility</Filter>
    </ClCompile>
    <ClCompile Include="..\src\wiz\compiler\definition.cpp">
      <Filter>Source Files\utility</Filter>
    </ClCompile>
    <ClCompile Include="..\src\wiz\compiler\builtins.cpp">
      <Filter>Source Files\compiler</Filter>
    </ClCompile>
    <ClCompile Include="..\src\wiz\compiler\instruction.cpp">
      <Filter>Source Files\compiler</Filter>
    </ClCompile>
    <ClCompile Include="..\src\wiz\compiler\ir_node.cpp">
      <Filter>Source Files\compiler</Filter>
    </ClCompile>
    <ClCompile Include="..\src\wiz\utility\writer.cpp">
      <Filter>Source Files\utility</Filter>
    </ClCompile>
    <ClCompile Include="..\src\wiz\format\format.cpp">
      <Filter>Source Files\format</Filter>
    </ClCompile>
    <ClCompile Include="..\src\wiz\platform\mos6502_platform.cpp">
      <Filter>Source Files\platform</Filter>
    </ClCompile>
    <ClCompile Include="..\src\wiz\platform\z80_platform.cpp">
      <Filter>Source Files\platform</Filter>
    </ClCompile>
    <ClCompile Include="..\src\wiz\format\nes_format.cpp">
      <Filter>Source Files\format</Filter>
    </ClCompile>
    <ClCompile Include="..\src\wiz\format\sms_format.cpp">
      <Filter>Source Files\format</Filter>
    </ClCompile>
    <ClCompile Include="..\src\wiz\format\snes_format.cpp">
      <Filter>Source Files\format</Filter>
    </ClCompile>
    <ClCompile Include="..\src\wiz\platform\gb_platform.cpp">
      <Filter>Source Files\platform</Filter>
    </ClCompile>
    <ClCompile Include="..\src\wiz\format\gb_format.cpp">
      <Filter>Source Files\format</Filter>
    </ClCompile>
    <ClCompile Include="..\src\wiz\compiler\config.cpp">
      <Filter>Source Files\compiler</Filter>
    </ClCompile>
    <ClCompile Include="..\src\wiz\utility\misc.cpp">
      <Filter>Source Files\utility</Filter>
    </ClCompile>
    <ClCompile Include="..\src\wiz\format\binary_format.cpp">
      <Filter>Source Files\format</Filter>
    </ClCompile>
    <ClCompile Include="..\src\wiz\platform\wdc65816_platform.cpp">
      <Filter>Source Files\platform</Filter>
    </ClCompile>
    <ClCompile Include="..\src\wiz\utility\tty.cpp">
      <Filter>Source Files\utility</Filter>
    </ClCompile>
    <ClCompile Include="..\src\wiz\utility\win32.cpp">
      <Filter>Source Files\utility</Filter>
    </ClCompile>
    <ClCompile Include="..\src\wiz\utility\import_manager.cpp">
      <Filter>Source Files\utility</Filter>
    </ClCompile>
    <ClCompile Include="..\src\wiz\compiler\operations.cpp">
      <Filter>Source Files\compiler</Filter>
    </ClCompile>
    <ClCompile Include="..\src\wiz\platform\spc700_platform.cpp">
      <Filter>Source Files\platform</Filter>
    </ClCompile>
    <ClCompile Include="..\src\wiz\compiler\version.cpp">
      <Filter>Source Files\compiler</Filter>
    </ClCompile>
    <ClCompile Include="..\src\wiz\platform\pokemon_mini_platform.cpp">
      <Filter>Source Files\platform</Filter>
    </ClCompile>
  </ItemGroup>
  <ItemGroup>
    <Natvis Include="..\src\wiz\utility\variant.natvis" />
    <Natvis Include="..\src\wiz\utility\optional.natvis" />
    <Natvis Include="..\src\wiz\utility\unique_ptr.natvis" />
    <Natvis Include="..\src\wiz\utility\string_view.natvis" />
    <Natvis Include="..\src\wiz\utility\int128.natvis" />
  </ItemGroup>
</Project>